{
  "name": "novacane",
  "version": "1.0.0",
  "lockfileVersion": 3,
  "requires": true,
  "packages": {
    "": {
      "name": "novacane",
      "version": "1.0.0",
      "license": "MIT",
      "devDependencies": {
        "@types/frida-gum": "^18.7.0"
      }
    },
    "node_modules/@types/frida-gum": {
      "version": "18.7.0",
      "resolved": "https://registry.npmjs.org/@types/frida-gum/-/frida-gum-18.7.0.tgz",
      "integrity": "sha512-HhBomXE23fLDAWXEKi3BjJLrlH9wAv9IEQNfO/PaYHQNNbh0Bi06gx6JbXTspVpbqlbVqkWAuU7n6HaS9B6yXA==",
      "dev": true
    }
  }
}
